
Microsoft Visual Studio Solution File, Format Version 12.00
# Visual Studio Version 17
VisualStudioVersion = 17.4.33205.214
MinimumVisualStudioVersion = 10.0.40219.1
Project("{FAE04EC0-301F-11D3-BF4B-00C04F79EFBC}") = "SortetList Stack Queue", "SortetList Stack Queue\SortetList Stack Queue.csproj", "{70E9B368-783B-4D59-A09B-15F7D887A51A}"
EndProject
Global
	GlobalSection(SolutionConfigurationPlatforms) = preSolution
		Debug|Any CPU = Debug|Any CPU
		Release|Any CPU = Release|Any CPU
	EndGlobalSection
	GlobalSection(ProjectConfigurationPlatforms) = postSolution
		{70E9B368-783B-4D59-A09B-15F7D887A51A}.Debug|Any CPU.ActiveCfg = Debug|Any CPU
		{70E9B368-783B-4D59-A09B-15F7D887A51A}.Debug|Any CPU.Build.0 = Debug|Any CPU
		{70E9B368-783B-4D59-A09B-15F7D887A51A}.Release|Any CPU.ActiveCfg = Release|Any CPU
		{70E9B368-783B-4D59-A09B-15F7D887A51A}.Release|Any CPU.Build.0 = Release|Any CPU
	EndGlobalSection
	GlobalSection(SolutionProperties) = preSolution
		HideSolutionNode = FALSE
	EndGlobalSection
	GlobalSection(ExtensibilityGlobals) = postSolution
		SolutionGuid = {120CCD63-0A73-4A8F-A1DC-CF61CBD29E8B}
	EndGlobalSection
EndGlobal
